
Microsoft Visual Studio Solution File, Format Version 12.00
# Visual Studio Version 17
VisualStudioVersion = 17.6.33723.286
MinimumVisualStudioVersion = 10.0.40219.1
Project("{FAE04EC0-301F-11D3-BF4B-00C04F79EFBC}") = "BookStore", "BookStore\BookStore.csproj", "{731BF88E-9804-451E-B847-BE5CF4D8FF22}"
EndProject
Global
	GlobalSection(SolutionConfigurationPlatforms) = preSolution
		Debug|Any CPU = Debug|Any CPU
		Release|Any CPU = Release|Any CPU
	EndGlobalSection
	GlobalSection(ProjectConfigurationPlatforms) = postSolution
		{731BF88E-9804-451E-B847-BE5CF4D8FF22}.Debug|Any CPU.ActiveCfg = Debug|Any CPU
		{731BF88E-9804-451E-B847-BE5CF4D8FF22}.Debug|Any CPU.Build.0 = Debug|Any CPU
		{731BF88E-9804-451E-B847-BE5CF4D8FF22}.Release|Any CPU.ActiveCfg = Release|Any CPU
		{731BF88E-9804-451E-B847-BE5CF4D8FF22}.Release|Any CPU.Build.0 = Release|Any CPU
	EndGlobalSection
	GlobalSection(SolutionProperties) = preSolution
		HideSolutionNode = FALSE
	EndGlobalSection
	GlobalSection(ExtensibilityGlobals) = postSolution
		SolutionGuid = {7201918C-AF13-4D93-9698-8A184719141C}
	EndGlobalSection
EndGlobal
